<?xml version="1.0" encoding="utf-8"?>
<Project ToolsVersion="4.0" xmlns="http://schemas.microsoft.com/developer/msbuild/2003">
  <ItemGroup>
    <Filter Include="Source Files">
      <UniqueIdentifier>{4FC737F1-C7A5-4376-A066-2A32D752A2FF}</UniqueIdentifier>
      <Extensions>cpp;c;cc;cxx;c++;def;odl;idl;hpj;bat;asm;asmx</Extensions>
    </Filter>
    <Filter Include="Header Files">
      <UniqueIdentifier>{93995380-89BD-4b04-88EB-625FBE52EBFB}</UniqueIdentifier>
      <Extensions>h;hh;hpp;hxx;h++;hm;inl;inc;ipp;xsd</Extensions>
    </Filter>
    <Filter Include="Resource Files">
      <UniqueIdentifier>{67DA6AB6-F800-4c08-8B7A-83BB121AAD01}</UniqueIdentifier>
      <Extensions>rc;ico;cur;bmp;dlg;rc2;rct;bin;rgs;gif;jpg;jpeg;jpe;resx;tiff;tif;png;wav;mfcribbon-ms</Extensions>
    </Filter>
    <Filter Include="Source Files\Models">
      <UniqueIdentifier>{1de4d500-d5f2-4cca-98a5-286a76b0237b}</UniqueIdentifier>
    </Filter>
    <Filter Include="Source Files\Controllers">
      <UniqueIdentifier>{d301114b-e27a-4778-980e-1887c2c0cf51}</UniqueIdentifier>
    </Filter>
    <Filter Include="Source Files\Views">
      <UniqueIdentifier>{a169fa28-eca3-485f-b374-bce2a9741ca5}</UniqueIdentifier>
    </Filter>
    <Filter Include="Header Files\Controller">
      <UniqueIdentifier>{af32f8ba-d6ca-42e5-bc39-e7debd7e793b}</UniqueIdentifier>
    </Filter>
    <Filter Include="Header Files\Views">
      <UniqueIdentifier>{7f29db7a-9b78-4389-8d45-f81cbc2c7ba9}</UniqueIdentifier>
    </Filter>
    <Filter Include="Header Files\Models">
      <UniqueIdentifier>{c80221d4-f870-462e-8744-b7939c6506ed}</UniqueIdentifier>
    </Filter>
    <Filter Include="Header Files\Services">
      <UniqueIdentifier>{2af59be0-df56-4e7f-964e-9db913fbec62}</UniqueIdentifier>
    </Filter>
    <Filter Include="Source Files\Services">
      <UniqueIdentifier>{816847d6-d938-42da-8ccb-e25bc5f9307e}</UniqueIdentifier>
    </Filter>
  </ItemGroup>
  <ItemGroup>
    <ClCompile Include="MRS.cpp">
      <Filter>Source Files</Filter>
    </ClCompile>
    <ClCompile Include="MovieController.cpp">
      <Filter>Source Files\Controllers</Filter>
    </ClCompile>
    <ClCompile Include="HomeController.cpp">
      <Filter>Source Files\Controllers</Filter>
    </ClCompile>
    <ClCompile Include="Movie.cpp">
      <Filter>Source Files\Models</Filter>
    </ClCompile>
    <ClCompile Include="MovieService.cpp">
      <Filter>Source Files\Services</Filter>
    </ClCompile>
    <ClCompile Include="HomeView.cpp">
      <Filter>Source Files\Views</Filter>
    </ClCompile>
    <ClCompile Include="ReviewService.cpp">
      <Filter>Source Files\Services</Filter>
    </ClCompile>
    <ClCompile Include="ServiceBase.cpp">
      <Filter>Source Files\Services</Filter>
    </ClCompile>
    <ClCompile Include="Review.cpp">
      <Filter>Source Files\Models</Filter>
    </ClCompile>
    <ClCompile Include="MovieView.cpp">
      <Filter>Source Files\Views</Filter>
    </ClCompile>
    <ClCompile Include="Neighbor.cpp">
      <Filter>Source Files\Models</Filter>
    </ClCompile>
    <ClCompile Include="ControllerBase.cpp">
      <Filter>Source Files\Controllers</Filter>
    </ClCompile>
    <ClCompile Include="ViewBase.cpp">
      <Filter>Source Files\Views</Filter>
    </ClCompile>
    <ClCompile Include="Recommendation.cpp">
      <Filter>Source Files\Models</Filter>
    </ClCompile>
  </ItemGroup>
  <ItemGroup>
    <ClInclude Include="MovieController.h">
      <Filter>Header Files\Controller</Filter>
    </ClInclude>
    <ClInclude Include="HomeController.h">
      <Filter>Header Files\Controller</Filter>
    </ClInclude>
    <ClInclude Include="Movie.h">
      <Filter>Header Files\Models</Filter>
    </ClInclude>
    <ClInclude Include="MovieService.h">
      <Filter>Header Files\Services</Filter>
    </ClInclude>
    <ClInclude Include="ReviewService.h">
      <Filter>Header Files\Services</Filter>
    </ClInclude>
    <ClInclude Include="ServiceBase.h">
      <Filter>Header Files\Services</Filter>
    </ClInclude>
    <ClInclude Include="ControllerBase.h">
      <Filter>Header Files\Controller</Filter>
    </ClInclude>
    <ClInclude Include="Review.h">
      <Filter>Header Files\Models</Filter>
    </ClInclude>
    <ClInclude Include="HomeView.h">
      <Filter>Header Files\Views</Filter>
    </ClInclude>
    <ClInclude Include="MovieView.h">
      <Filter>Header Files\Views</Filter>
    </ClInclude>
    <ClInclude Include="ViewBase.h">
      <Filter>Header Files\Views</Filter>
    </ClInclude>
    <ClInclude Include="Neighbor.h">
      <Filter>Header Files\Models</Filter>
    </ClInclude>
    <ClInclude Include="Recommendation.h">
      <Filter>Header Files\Models</Filter>
    </ClInclude>
  </ItemGroup>
  <ItemGroup>
    <Text Include="Movies.txt">
      <Filter>Resource Files</Filter>
    </Text>
    <Text Include="Ratings.txt">
      <Filter>Resource Files</Filter>
    </Text>
  </ItemGroup>
</Project>